
Microsoft Visual Studio Solution File, Format Version 12.00
# Visual Studio Version 17
VisualStudioVersion = 17.0.31903.59
MinimumVisualStudioVersion = 10.0.40219.1
Project("{FAE04EC0-301F-11D3-BF4B-00C04F79EFBC}") = "Servidor", "Servidor\Servidor.csproj", "{87234803-FB5A-48BC-9D51-911EA064D405}"
EndProject
Project("{FAE04EC0-301F-11D3-BF4B-00C04F79EFBC}") = "Cliente", "Cliente\Cliente.csproj", "{1676E699-6225-4B82-BD83-EF763B1E8AF9}"
EndProject
Project("{FAE04EC0-301F-11D3-BF4B-00C04F79EFBC}") = "Common", "Common\Common.csproj", "{BF82D8F6-67D9-4A24-8CD0-26D9965BCAA3}"
EndProject
Global
	GlobalSection(SolutionConfigurationPlatforms) = preSolution
		Debug|Any CPU = Debug|Any CPU
		Release|Any CPU = Release|Any CPU
	EndGlobalSection
	GlobalSection(SolutionProperties) = preSolution
		HideSolutionNode = FALSE
	EndGlobalSection
	GlobalSection(ProjectConfigurationPlatforms) = postSolution
		{87234803-FB5A-48BC-9D51-911EA064D405}.Debug|Any CPU.ActiveCfg = Debug|Any CPU
		{87234803-FB5A-48BC-9D51-911EA064D405}.Debug|Any CPU.Build.0 = Debug|Any CPU
		{87234803-FB5A-48BC-9D51-911EA064D405}.Release|Any CPU.ActiveCfg = Release|Any CPU
		{87234803-FB5A-48BC-9D51-911EA064D405}.Release|Any CPU.Build.0 = Release|Any CPU
		{1676E699-6225-4B82-BD83-EF763B1E8AF9}.Debug|Any CPU.ActiveCfg = Debug|Any CPU
		{1676E699-6225-4B82-BD83-EF763B1E8AF9}.Debug|Any CPU.Build.0 = Debug|Any CPU
		{1676E699-6225-4B82-BD83-EF763B1E8AF9}.Release|Any CPU.ActiveCfg = Release|Any CPU
		{1676E699-6225-4B82-BD83-EF763B1E8AF9}.Release|Any CPU.Build.0 = Release|Any CPU
		{BF82D8F6-67D9-4A24-8CD0-26D9965BCAA3}.Debug|Any CPU.ActiveCfg = Debug|Any CPU
		{BF82D8F6-67D9-4A24-8CD0-26D9965BCAA3}.Debug|Any CPU.Build.0 = Debug|Any CPU
		{BF82D8F6-67D9-4A24-8CD0-26D9965BCAA3}.Release|Any CPU.ActiveCfg = Release|Any CPU
		{BF82D8F6-67D9-4A24-8CD0-26D9965BCAA3}.Release|Any CPU.Build.0 = Release|Any CPU
	EndGlobalSection
EndGlobal
